# This file is automatically @generated by Poetry and should not be changed by hand.

[[package]]
name = "currencyconverter"
version = "0.17.5"
description = "A currency converter using the European Central Bank data."
category = "main"
optional = false
python-versions = ">=3.6.1"
files = [
    {file = "CurrencyConverter-0.17.5-py3-none-any.whl", hash = "sha256:32c45e3764b6b0661e3be108be57f772a8bbfab12adef039be0a5898df127d95"},
    {file = "CurrencyConverter-0.17.5.tar.gz", hash = "sha256:3f5fd4626689d3b79f002d1e3f5413cc1b09683d2fe53722e28c17093f8efb21"},
]

[metadata]
lock-version = "2.0"
python-versions = "^3.10"
content-hash = "eea159f91c6c1b42599b6f5758080edccb066da1bb7720cf47925f73457bd523"
